
Microsoft Visual Studio Solution File, Format Version 12.00
# Visual Studio Version 16
VisualStudioVersion = 16.0.29728.190
MinimumVisualStudioVersion = 10.0.40219.1
Project("{9A19103F-16F7-4668-BE54-9A1E7A4F7556}") = "DotNetFFmpegPipe.Common", "DotNetFFmpegPipe.Common\DotNetFFmpegPipe.Common.csproj", "{D0C4D5BE-02C3-48FF-B2CF-D449C2CEE004}"
EndProject
Project("{9A19103F-16F7-4668-BE54-9A1E7A4F7556}") = "DotNetFFmpegPipe.SimplePipe1", "DotNetFFmpegPipe.SimplePipe1\DotNetFFmpegPipe.SimplePipe1.csproj", "{8B95EC5D-C581-4488-91A4-C320AD321B68}"
EndProject
Project("{FAE04EC0-301F-11D3-BF4B-00C04F79EFBC}") = "DotNetFFmpegPipe.SimplePipe2", "DotNetFFmpegPipe.SimplePipe2\DotNetFFmpegPipe.SimplePipe2.csproj", "{B06613D8-3264-4630-8485-F88986C3CE1E}"
EndProject
Project("{FAE04EC0-301F-11D3-BF4B-00C04F79EFBC}") = "DotNetFFmpegPipe.SimplePipe3", "DotNetFFmpegPipe.SimplePipe3\DotNetFFmpegPipe.SimplePipe3.csproj", "{0A20D7C3-1FC8-4292-8C7E-480DE122F2ED}"
EndProject
Global
	GlobalSection(SolutionConfigurationPlatforms) = preSolution
		Debug|Any CPU = Debug|Any CPU
		Release|Any CPU = Release|Any CPU
	EndGlobalSection
	GlobalSection(ProjectConfigurationPlatforms) = postSolution
		{D0C4D5BE-02C3-48FF-B2CF-D449C2CEE004}.Debug|Any CPU.ActiveCfg = Debug|Any CPU
		{D0C4D5BE-02C3-48FF-B2CF-D449C2CEE004}.Debug|Any CPU.Build.0 = Debug|Any CPU
		{D0C4D5BE-02C3-48FF-B2CF-D449C2CEE004}.Release|Any CPU.ActiveCfg = Release|Any CPU
		{D0C4D5BE-02C3-48FF-B2CF-D449C2CEE004}.Release|Any CPU.Build.0 = Release|Any CPU
		{8B95EC5D-C581-4488-91A4-C320AD321B68}.Debug|Any CPU.ActiveCfg = Debug|Any CPU
		{8B95EC5D-C581-4488-91A4-C320AD321B68}.Debug|Any CPU.Build.0 = Debug|Any CPU
		{8B95EC5D-C581-4488-91A4-C320AD321B68}.Release|Any CPU.ActiveCfg = Release|Any CPU
		{8B95EC5D-C581-4488-91A4-C320AD321B68}.Release|Any CPU.Build.0 = Release|Any CPU
		{B06613D8-3264-4630-8485-F88986C3CE1E}.Debug|Any CPU.ActiveCfg = Debug|Any CPU
		{B06613D8-3264-4630-8485-F88986C3CE1E}.Debug|Any CPU.Build.0 = Debug|Any CPU
		{B06613D8-3264-4630-8485-F88986C3CE1E}.Release|Any CPU.ActiveCfg = Release|Any CPU
		{B06613D8-3264-4630-8485-F88986C3CE1E}.Release|Any CPU.Build.0 = Release|Any CPU
		{0A20D7C3-1FC8-4292-8C7E-480DE122F2ED}.Debug|Any CPU.ActiveCfg = Debug|Any CPU
		{0A20D7C3-1FC8-4292-8C7E-480DE122F2ED}.Debug|Any CPU.Build.0 = Debug|Any CPU
		{0A20D7C3-1FC8-4292-8C7E-480DE122F2ED}.Release|Any CPU.ActiveCfg = Release|Any CPU
		{0A20D7C3-1FC8-4292-8C7E-480DE122F2ED}.Release|Any CPU.Build.0 = Release|Any CPU
	EndGlobalSection
	GlobalSection(SolutionProperties) = preSolution
		HideSolutionNode = FALSE
	EndGlobalSection
	GlobalSection(ExtensibilityGlobals) = postSolution
		SolutionGuid = {E48DA63D-6EED-448E-B397-97B5C21948F3}
	EndGlobalSection
EndGlobal
